
Microsoft Visual Studio Solution File, Format Version 12.00
Project("{FAE04EC0-301F-11D3-BF4B-00C04F79EFBC}") = "AvaloniaApplication6", "AvaloniaApplication6\AvaloniaApplication6\AvaloniaApplication6.csproj", "{C4883285-E37C-4B72-94CD-3C94831E30F2}"
EndProject
Project("{FAE04EC0-301F-11D3-BF4B-00C04F79EFBC}") = "AvaloniaApplication6.Desktop", "AvaloniaApplication6\AvaloniaApplication6.Desktop\AvaloniaApplication6.Desktop.csproj", "{823F3115-3356-46C4-B129-075607E2CDB7}"
EndProject
Global
	GlobalSection(SolutionConfigurationPlatforms) = preSolution
		Debug|Any CPU = Debug|Any CPU
		Release|Any CPU = Release|Any CPU
	EndGlobalSection
	GlobalSection(ProjectConfigurationPlatforms) = postSolution
		{C4883285-E37C-4B72-94CD-3C94831E30F2}.Debug|Any CPU.ActiveCfg = Debug|Any CPU
		{C4883285-E37C-4B72-94CD-3C94831E30F2}.Debug|Any CPU.Build.0 = Debug|Any CPU
		{C4883285-E37C-4B72-94CD-3C94831E30F2}.Release|Any CPU.ActiveCfg = Release|Any CPU
		{C4883285-E37C-4B72-94CD-3C94831E30F2}.Release|Any CPU.Build.0 = Release|Any CPU
		{823F3115-3356-46C4-B129-075607E2CDB7}.Debug|Any CPU.ActiveCfg = Debug|Any CPU
		{823F3115-3356-46C4-B129-075607E2CDB7}.Debug|Any CPU.Build.0 = Debug|Any CPU
		{823F3115-3356-46C4-B129-075607E2CDB7}.Release|Any CPU.ActiveCfg = Release|Any CPU
		{823F3115-3356-46C4-B129-075607E2CDB7}.Release|Any CPU.Build.0 = Release|Any CPU
	EndGlobalSection
EndGlobal
